
Microsoft Visual Studio Solution File, Format Version 12.00
# Visual Studio Version 17
VisualStudioVersion = 17.14.36414.22
MinimumVisualStudioVersion = 10.0.40219.1
Project("{FAE04EC0-301F-11D3-BF4B-00C04F79EFBC}") = "ASP.NET_Core", "ASP.NET_Core\ASP.NET_Core.csproj", "{9FA016F8-EF0B-4FA9-8AD0-5CBC0B782460}"
EndProject
Global
	GlobalSection(SolutionConfigurationPlatforms) = preSolution
		Debug|Any CPU = Debug|Any CPU
		Release|Any CPU = Release|Any CPU
	EndGlobalSection
	GlobalSection(ProjectConfigurationPlatforms) = postSolution
		{9FA016F8-EF0B-4FA9-8AD0-5CBC0B782460}.Debug|Any CPU.ActiveCfg = Debug|Any CPU
		{9FA016F8-EF0B-4FA9-8AD0-5CBC0B782460}.Debug|Any CPU.Build.0 = Debug|Any CPU
		{9FA016F8-EF0B-4FA9-8AD0-5CBC0B782460}.Release|Any CPU.ActiveCfg = Release|Any CPU
		{9FA016F8-EF0B-4FA9-8AD0-5CBC0B782460}.Release|Any CPU.Build.0 = Release|Any CPU
	EndGlobalSection
	GlobalSection(SolutionProperties) = preSolution
		HideSolutionNode = FALSE
	EndGlobalSection
	GlobalSection(ExtensibilityGlobals) = postSolution
		SolutionGuid = {C18BF16D-64DC-4AD9-B36D-DE8CD9D84AA0}
	EndGlobalSection
EndGlobal
